github.com/RyanCarrier/dijkstra/v2 v2.0.2 h1:DIOg/a7XDR+KmlDkNSX9ggDY6sNLrG+EBGvZUjfgi+A=
github.com/RyanCarrier/dijkstra/v2 v2.0.2/go.mod h1:XwpYN7nC1LPwL3HkaavzB+VGaHRndSsZy/whsFy1AEI=
github.com/igorwulff/aoc v1.1.4 h1:ZzbyhfgSRmJjgQE+hHcYAefDNXOCjBQUr4VtYIVyyUw=
github.com/igorwulff/aoc v1.1.4/go.mod h1:jjt1453itRz/yw1OOg8jwAtRvf+ul80jyZx4Yy6dArY=
golang.org/x/sync v0.10.0 h1:3NQrjDixjgGwUOCaF8w2+VYHv0Ve/vGYSbdkTa98gmQ=
golang.org/x/sync v0.10.0/go.mod h1:Czt+wKu1gCyEFDUtn0jG5QVvpJ6rzVqr5aXyt9drQfk=
